
Microsoft Visual Studio Solution File, Format Version 12.00
# Visual Studio Version 16
VisualStudioVersion = 16.0.31205.134
MinimumVisualStudioVersion = 10.0.40219.1
Project("{9A19103F-16F7-4668-BE54-9A1E7A4F7556}") = "DevFreela.API", "DevFreela.API\DevFreela.API.csproj", "{A82BF403-7125-49F4-A2E0-0B2B6AB2F8C6}"
EndProject
Project("{9A19103F-16F7-4668-BE54-9A1E7A4F7556}") = "DevFreela.Core", "DevFreela.Core\DevFreela.Core.csproj", "{1917D12D-7749-4253-9A04-64F45584C638}"
EndProject
Project("{9A19103F-16F7-4668-BE54-9A1E7A4F7556}") = "DevFreela.Infrastructure", "DevFreela.Infrastructure\DevFreela.Infrastructure.csproj", "{D9169D93-2286-4FEC-A91B-19BF33A3825E}"
EndProject
Project("{9A19103F-16F7-4668-BE54-9A1E7A4F7556}") = "DevFreela.Application", "DevFreela.Application\DevFreela.Application.csproj", "{769ACCA3-1842-4D31-A01F-3196FA71E1C1}"
EndProject
Project("{FAE04EC0-301F-11D3-BF4B-00C04F79EFBC}") = "DevFreela.UnitTests", "DevFreela.UnitTests\DevFreela.UnitTests.csproj", "{4D5B5BBF-46C0-4BFB-A20D-F650475844CD}"
EndProject
Global
	GlobalSection(SolutionConfigurationPlatforms) = preSolution
		Debug|Any CPU = Debug|Any CPU
		Release|Any CPU = Release|Any CPU
	EndGlobalSection
	GlobalSection(ProjectConfigurationPlatforms) = postSolution
		{A82BF403-7125-49F4-A2E0-0B2B6AB2F8C6}.Debug|Any CPU.ActiveCfg = Debug|Any CPU
		{A82BF403-7125-49F4-A2E0-0B2B6AB2F8C6}.Debug|Any CPU.Build.0 = Debug|Any CPU
		{A82BF403-7125-49F4-A2E0-0B2B6AB2F8C6}.Release|Any CPU.ActiveCfg = Release|Any CPU
		{A82BF403-7125-49F4-A2E0-0B2B6AB2F8C6}.Release|Any CPU.Build.0 = Release|Any CPU
		{1917D12D-7749-4253-9A04-64F45584C638}.Debug|Any CPU.ActiveCfg = Debug|Any CPU
		{1917D12D-7749-4253-9A04-64F45584C638}.Debug|Any CPU.Build.0 = Debug|Any CPU
		{1917D12D-7749-4253-9A04-64F45584C638}.Release|Any CPU.ActiveCfg = Release|Any CPU
		{1917D12D-7749-4253-9A04-64F45584C638}.Release|Any CPU.Build.0 = Release|Any CPU
		{D9169D93-2286-4FEC-A91B-19BF33A3825E}.Debug|Any CPU.ActiveCfg = Debug|Any CPU
		{D9169D93-2286-4FEC-A91B-19BF33A3825E}.Debug|Any CPU.Build.0 = Debug|Any CPU
		{D9169D93-2286-4FEC-A91B-19BF33A3825E}.Release|Any CPU.ActiveCfg = Release|Any CPU
		{D9169D93-2286-4FEC-A91B-19BF33A3825E}.Release|Any CPU.Build.0 = Release|Any CPU
		{769ACCA3-1842-4D31-A01F-3196FA71E1C1}.Debug|Any CPU.ActiveCfg = Debug|Any CPU
		{769ACCA3-1842-4D31-A01F-3196FA71E1C1}.Debug|Any CPU.Build.0 = Debug|Any CPU
		{769ACCA3-1842-4D31-A01F-3196FA71E1C1}.Release|Any CPU.ActiveCfg = Release|Any CPU
		{769ACCA3-1842-4D31-A01F-3196FA71E1C1}.Release|Any CPU.Build.0 = Release|Any CPU
		{4D5B5BBF-46C0-4BFB-A20D-F650475844CD}.Debug|Any CPU.ActiveCfg = Debug|Any CPU
		{4D5B5BBF-46C0-4BFB-A20D-F650475844CD}.Debug|Any CPU.Build.0 = Debug|Any CPU
		{4D5B5BBF-46C0-4BFB-A20D-F650475844CD}.Release|Any CPU.ActiveCfg = Release|Any CPU
		{4D5B5BBF-46C0-4BFB-A20D-F650475844CD}.Release|Any CPU.Build.0 = Release|Any CPU
	EndGlobalSection
	GlobalSection(SolutionProperties) = preSolution
		HideSolutionNode = FALSE
	EndGlobalSection
	GlobalSection(ExtensibilityGlobals) = postSolution
		SolutionGuid = {0D82B5E6-A6B8-4C67-919E-42402E40AFF3}
	EndGlobalSection
EndGlobal
